
Microsoft Visual Studio Solution File, Format Version 12.00
# Visual Studio Version 17
VisualStudioVersion = 17.0.31903.59
MinimumVisualStudioVersion = 10.0.40219.1
Project("{FAE04EC0-301F-11D3-BF4B-00C04F79EFBC}") = "Identicon", "Identicon\Identicon.csproj", "{CC5E47C9-CBDA-483A-B807-317E5EFB4576}"
EndProject
Project("{FAE04EC0-301F-11D3-BF4B-00C04F79EFBC}") = "Identicon.Tests", "Identicon.Tests\Identicon.Tests.csproj", "{A91C4339-D87A-4EF8-AD2B-6D8B84745F95}"
EndProject
Global
	GlobalSection(SolutionConfigurationPlatforms) = preSolution
		Debug|Any CPU = Debug|Any CPU
		Release|Any CPU = Release|Any CPU
	EndGlobalSection
	GlobalSection(SolutionProperties) = preSolution
		HideSolutionNode = FALSE
	EndGlobalSection
	GlobalSection(ProjectConfigurationPlatforms) = postSolution
		{CC5E47C9-CBDA-483A-B807-317E5EFB4576}.Debug|Any CPU.ActiveCfg = Debug|Any CPU
		{CC5E47C9-CBDA-483A-B807-317E5EFB4576}.Debug|Any CPU.Build.0 = Debug|Any CPU
		{CC5E47C9-CBDA-483A-B807-317E5EFB4576}.Release|Any CPU.ActiveCfg = Release|Any CPU
		{CC5E47C9-CBDA-483A-B807-317E5EFB4576}.Release|Any CPU.Build.0 = Release|Any CPU
		{A91C4339-D87A-4EF8-AD2B-6D8B84745F95}.Debug|Any CPU.ActiveCfg = Debug|Any CPU
		{A91C4339-D87A-4EF8-AD2B-6D8B84745F95}.Debug|Any CPU.Build.0 = Debug|Any CPU
		{A91C4339-D87A-4EF8-AD2B-6D8B84745F95}.Release|Any CPU.ActiveCfg = Release|Any CPU
		{A91C4339-D87A-4EF8-AD2B-6D8B84745F95}.Release|Any CPU.Build.0 = Release|Any CPU
	EndGlobalSection
EndGlobal
